// !$*UTF8*$!
{
	archiveVersion = 1;
	classes = {
	};
	objectVersion = 48;
	objects = {

/* Begin PBXBuildFile section */
		A9AE65E73C9F323E8A40C94D /* Pods_todoey.framework in Frameworks */ = {isa = PBXBuildFile; fileRef = 0F79847538A990B8B2C49BD8 /* Pods_todoey.framework */; };
		CF36B939206693130003E086 /* CategoryTableViewController.swift in Sources */ = {isa = PBXBuildFile; fileRef = CF36B938206693130003E086 /* CategoryTableViewController.swift */; };
		CF3E3FF4207AF8FF0064542E /* SwipeTableViewCellViewController.swift in Sources */ = {isa = PBXBuildFile; fileRef = CF3E3FF3207AF8FF0064542E /* SwipeTableViewCellViewController.swift */; };
		CFB55F5C2040665200E3B092 /* AppDelegate.swift in Sources */ = {isa = PBXBuildFile; fileRef = CFB55F5B2040665200E3B092 /* AppDelegate.swift */; };
		CFB55F5E2040665200E3B092 /* TodoListViewController.swift in Sources */ = {isa = PBXBuildFile; fileRef = CFB55F5D2040665200E3B092 /* TodoListViewController.swift */; };
		CFB55F612040665200E3B092 /* Main.storyboard in Resources */ = {isa = PBXBuildFile; fileRef = CFB55F5F2040665200E3B092 /* Main.storyboard */; };
		CFB55F632040665200E3B092 /* Assets.xcassets in Resources */ = {isa = PBXBuildFile; fileRef = CFB55F622040665200E3B092 /* Assets.xcassets */; };
		CFB55F662040665200E3B092 /* LaunchScreen.storyboard in Resources */ = {isa = PBXBuildFile; fileRef = CFB55F642040665200E3B092 /* LaunchScreen.storyboard */; };
		CFD40EE7206E39A70054EB54 /* Category.swift in Sources */ = {isa = PBXBuildFile; fileRef = CFD40EE6206E39A70054EB54 /* Category.swift */; };
		CFD40EE9206E3A1B0054EB54 /* Item.swift in Sources */ = {isa = PBXBuildFile; fileRef = CFD40EE8206E3A1B0054EB54 /* Item.swift */; };
/* End PBXBuildFile section */

/* Begin PBXFileReference section */
		0E1B96022D106447AE65BEC1 /* Pods-todoey.release.xcconfig */ = {isa = PBXFileReference; includeInIndex = 1; lastKnownFileType = text.xcconfig; name = "Pods-todoey.release.xcconfig"; path = "Pods/Target Support Files/Pods-todoey/Pods-todoey.release.xcconfig"; sourceTree = "<group>"; };
		0F79847538A990B8B2C49BD8 /* Pods_todoey.framework */ = {isa = PBXFileReference; explicitFileType = wrapper.framework; includeInIndex = 0; path = Pods_todoey.framework; sourceTree = BUILT_PRODUCTS_DIR; };
		24542D3EF1DE68B81D3FB456 /* Pods-todoey.debug.xcconfig */ = {isa = PBXFileReference; includeInIndex = 1; lastKnownFileType = text.xcconfig; name = "Pods-todoey.debug.xcconfig"; path = "Pods/Target Support Files/Pods-todoey/Pods-todoey.debug.xcconfig"; sourceTree = "<group>"; };
		CF36B938206693130003E086 /* CategoryTableViewController.swift */ = {isa = PBXFileReference; lastKnownFileType = sourcecode.swift; path = CategoryTableViewController.swift; sourceTree = "<group>"; };
		CF3E3FF3207AF8FF0064542E /* SwipeTableViewCellViewController.swift */ = {isa = PBXFileReference; lastKnownFileType = sourcecode.swift; path = SwipeTableViewCellViewController.swift; sourceTree = "<group>"; };
		CFB55F582040665200E3B092 /* todoey.app */ = {isa = PBXFileReference; explicitFileType = wrapper.application; includeInIndex = 0; path = todoey.app; sourceTree = BUILT_PRODUCTS_DIR; };
		CFB55F5B2040665200E3B092 /* AppDelegate.swift */ = {isa = PBXFileReference; lastKnownFileType = sourcecode.swift; path = AppDelegate.swift; sourceTree = "<group>"; };
		CFB55F5D2040665200E3B092 /* TodoListViewController.swift */ = {isa = PBXFileReference; lastKnownFileType = sourcecode.swift; path = TodoListViewController.swift; sourceTree = "<group>"; };
		CFB55F602040665200E3B092 /* Base */ = {isa = PBXFileReference; lastKnownFileType = file.storyboard; name = Base; path = Base.lproj/Main.storyboard; sourceTree = "<group>"; };
		CFB55F622040665200E3B092 /* Assets.xcassets */ = {isa = PBXFileReference; lastKnownFileType = folder.assetcatalog; path = Assets.xcassets; sourceTree = "<group>"; };
		CFB55F652040665200E3B092 /* Base */ = {isa = PBXFileReference; lastKnownFileType = file.storyboard; name = Base; path = Base.lproj/LaunchScreen.storyboard; sourceTree = "<group>"; };
		CFB55F672040665200E3B092 /* Info.plist */ = {isa = PBXFileReference; lastKnownFileType = text.plist.xml; path = Info.plist; sourceTree = "<group>"; };
		CFD40EE6206E39A70054EB54 /* Category.swift */ = {isa = PBXFileReference; lastKnownFileType = sourcecode.swift; path = Category.swift; sourceTree = "<group>"; };
		CFD40EE8206E3A1B0054EB54 /* Item.swift */ = {isa = PBXFileReference; lastKnownFileType = sourcecode.swift; path = Item.swift; sourceTree = "<group>"; };
/* End PBXFileReference section */

/* Begin PBXFrameworksBuildPhase section */
		CFB55F552040665200E3B092 /* Frameworks */ = {
			isa = PBXFrameworksBuildPhase;
			buildActionMask = 2147483647;
			files = (
				A9AE65E73C9F323E8A40C94D /* Pods_todoey.framework in Frameworks */,
			);
			runOnlyForDeploymentPostprocessing = 0;
		};
/* End PBXFrameworksBuildPhase section */

/* Begin PBXGroup section */
		411FE4C3179202406FB23020 /* Pods */ = {
			isa = PBXGroup;
			children = (
				24542D3EF1DE68B81D3FB456 /* Pods-todoey.debug.xcconfig */,
				0E1B96022D106447AE65BEC1 /* Pods-todoey.release.xcconfig */,
			);
			name = Pods;
			sourceTree = "<group>";
		};
		560B06A56880CE40037B85CF /* Frameworks */ = {
			isa = PBXGroup;
			children = (
				0F79847538A990B8B2C49BD8 /* Pods_todoey.framework */,
			);
			name = Frameworks;
			sourceTree = "<group>";
		};
		CF23E057205142D0000467BC /* Controllers */ = {
			isa = PBXGroup;
			children = (
				CF36B938206693130003E086 /* CategoryTableViewController.swift */,
				CFB55F5D2040665200E3B092 /* TodoListViewController.swift */,
				CF3E3FF3207AF8FF0064542E /* SwipeTableViewCellViewController.swift */,
			);
			path = Controllers;
			sourceTree = "<group>";
		};
		CF23E058205142F6000467BC /* Views */ = {
			isa = PBXGroup;
			children = (
				CFB55F5F2040665200E3B092 /* Main.storyboard */,
			);
			path = Views;
			sourceTree = "<group>";
		};
		CF902748204D4AA50081EFBB /* Data Model */ = {
			isa = PBXGroup;
			children = (
				CFD40EE6206E39A70054EB54 /* Category.swift */,
				CFD40EE8206E3A1B0054EB54 /* Item.swift */,
			);
			path = "Data Model";
			sourceTree = "<group>";
		};
		CFB55F4F2040665200E3B092 = {
			isa = PBXGroup;
			children = (
				CFB55F5A2040665200E3B092 /* todoey */,
				CFB55F592040665200E3B092 /* Products */,
				411FE4C3179202406FB23020 /* Pods */,
				560B06A56880CE40037B85CF /* Frameworks */,
			);
			sourceTree = "<group>";
		};
		CFB55F592040665200E3B092 /* Products */ = {
			isa = PBXGroup;
			children = (
				CFB55F582040665200E3B092 /* todoey.app */,
			);
			name = Products;
			sourceTree = "<group>";
		};
		CFB55F5A2040665200E3B092 /* todoey */ = {
			isa = PBXGroup;
			children = (
				CFB55F5B2040665200E3B092 /* AppDelegate.swift */,
				CF23E057205142D0000467BC /* Controllers */,
				CF23E058205142F6000467BC /* Views */,
				CF902748204D4AA50081EFBB /* Data Model */,
				CFB55F622040665200E3B092 /* Assets.xcassets */,
				CFB55F642040665200E3B092 /* LaunchScreen.storyboard */,
				CFB55F672040665200E3B092 /* Info.plist */,
			);
			path = todoey;
			sourceTree = "<group>";
		};
/* End PBXGroup section */

/* Begin PBXNativeTarget section */
		CFB55F572040665200E3B092 /* todoey */ = {
			isa = PBXNativeTarget;
			buildConfigurationList = CFB55F6A2040665200E3B092 /* Build configuration list for PBXNativeTarget "todoey" */;
			buildPhases = (
				A47CDB9421483BA18DCB0706 /* [CP] Check Pods Manifest.lock */,
				CFB55F542040665200E3B092 /* Sources */,
				CFB55F552040665200E3B092 /* Frameworks */,
				CFB55F562040665200E3B092 /* Resources */,
				61773B9416EB270BE5D03B6B /* [CP] Embed Pods Frameworks */,
				9435341B40B9675AF5D393EC /* [CP] Copy Pods Resources */,
			);
			buildRules = (
			);
			dependencies = (
			);
			name = todoey;
			productName = todoey;
			productReference = CFB55F582040665200E3B092 /* todoey.app */;
			productType = "com.apple.product-type.application";
		};
/* End PBXNativeTarget section */

/* Begin PBXProject section */
		CFB55F502040665200E3B092 /* Project object */ = {
			isa = PBXProject;
			attributes = {
				LastSwiftUpdateCheck = 0910;
				LastUpgradeCheck = 0930;
				ORGANIZATIONNAME = "Nguyen Duc Tai";
				TargetAttributes = {
					CFB55F572040665200E3B092 = {
						CreatedOnToolsVersion = 9.1;
						ProvisioningStyle = Automatic;
					};
				};
			};
			buildConfigurationList = CFB55F532040665200E3B092 /* Build configuration list for PBXProject "todoey" */;
			compatibilityVersion = "Xcode 8.0";
			developmentRegion = en;
			hasScannedForEncodings = 0;
			knownRegions = (
				en,
				Base,
			);
			mainGroup = CFB55F4F2040665200E3B092;
			productRefGroup = CFB55F592040665200E3B092 /* Products */;
			projectDirPath = "";
			projectRoot = "";
			targets = (
				CFB55F572040665200E3B092 /* todoey */,
			);
		};
/* End PBXProject section */

/* Begin PBXResourcesBuildPhase section */
		CFB55F562040665200E3B092 /* Resources */ = {
			isa = PBXResourcesBuildPhase;
			buildActionMask = 2147483647;
			files = (
				CFB55F662040665200E3B092 /* LaunchScreen.storyboard in Resources */,
				CFB55F632040665200E3B092 /* Assets.xcassets in Resources */,
				CFB55F612040665200E3B092 /* Main.storyboard in Resources */,
			);
			runOnlyForDeploymentPostprocessing = 0;
		};
/* End PBXResourcesBuildPhase section */

/* Begin PBXShellScriptBuildPhase section */
		61773B9416EB270BE5D03B6B /* [CP] Embed Pods Frameworks */ = {
			isa = PBXShellScriptBuildPhase;
			buildActionMask = 2147483647;
			files = (
			);
			inputPaths = (
				"${SRCROOT}/Pods/Target Support Files/Pods-todoey/Pods-todoey-frameworks.sh",
				"${BUILT_PRODUCTS_DIR}/ChameleonFramework/ChameleonFramework.framework",
				"${BUILT_PRODUCTS_DIR}/Realm/Realm.framework",
				"${BUILT_PRODUCTS_DIR}/RealmSwift/RealmSwift.framework",
				"${BUILT_PRODUCTS_DIR}/SwipeCellKit/SwipeCellKit.framework",
			);
			name = "[CP] Embed Pods Frameworks";
			outputPaths = (
				"${TARGET_BUILD_DIR}/${FRAMEWORKS_FOLDER_PATH}/ChameleonFramework.framework",
				"${TARGET_BUILD_DIR}/${FRAMEWORKS_FOLDER_PATH}/Realm.framework",
				"${TARGET_BUILD_DIR}/${FRAMEWORKS_FOLDER_PATH}/RealmSwift.framework",
				"${TARGET_BUILD_DIR}/${FRAMEWORKS_FOLDER_PATH}/SwipeCellKit.framework",
			);
			runOnlyForDeploymentPostprocessing = 0;
			shellPath = /bin/sh;
			shellScript = "\"${SRCROOT}/Pods/Target Support Files/Pods-todoey/Pods-todoey-frameworks.sh\"\n";
			showEnvVarsInLog = 0;
		};
		9435341B40B9675AF5D393EC /* [CP] Copy Pods Resources */ = {
			isa = PBXShellScriptBuildPhase;
			buildActionMask = 2147483647;
			files = (
			);
			inputPaths = (
			);
			name = "[CP] Copy Pods Resources";
			outputPaths = (
			);
			runOnlyForDeploymentPostprocessing = 0;
			shellPath = /bin/sh;
			shellScript = "\"${SRCROOT}/Pods/Target Support Files/Pods-todoey/Pods-todoey-resources.sh\"\n";
			showEnvVarsInLog = 0;
		};
		A47CDB9421483BA18DCB0706 /* [CP] Check Pods Manifest.lock */ = {
			isa = PBXShellScriptBuildPhase;
			buildActionMask = 2147483647;
			files = (
			);
			inputPaths = (
				"${PODS_PODFILE_DIR_PATH}/Podfile.lock",
				"${PODS_ROOT}/Manifest.lock",
			);
			name = "[CP] Check Pods Manifest.lock";
			outputPaths = (
				"$(DERIVED_FILE_DIR)/Pods-todoey-checkManifestLockResult.txt",
			);
			runOnlyForDeploymentPostprocessing = 0;
			shellPath = /bin/sh;
			shellScript = "diff \"${PODS_PODFILE_DIR_PATH}/Podfile.lock\" \"${PODS_ROOT}/Manifest.lock\" > /dev/null\nif [ $? != 0 ] ; then\n    # print error to STDERR\n    echo \"error: The sandbox is not in sync with the Podfile.lock. Run 'pod install' or update your CocoaPods installation.\" >&2\n    exit 1\nfi\n# This output is used by Xcode 'outputs' to avoid re-running this script phase.\necho \"SUCCESS\" > \"${SCRIPT_OUTPUT_FILE_0}\"\n";
			showEnvVarsInLog = 0;
		};
/* End PBXShellScriptBuildPhase section */

/* Begin PBXSourcesBuildPhase section */
		CFB55F542040665200E3B092 /* Sources */ = {
			isa = PBXSourcesBuildPhase;
			buildActionMask = 2147483647;
			files = (
				CFB55F5E2040665200E3B092 /* TodoListViewController.swift in Sources */,
				CFD40EE7206E39A70054EB54 /* Category.swift in Sources */,
				CFB55F5C2040665200E3B092 /* AppDelegate.swift in Sources */,
				CFD40EE9206E3A1B0054EB54 /* Item.swift in Sources */,
				CF36B939206693130003E086 /* CategoryTableViewController.swift in Sources */,
				CF3E3FF4207AF8FF0064542E /* SwipeTableViewCellViewController.swift in Sources */,
			);
			runOnlyForDeploymentPostprocessing = 0;
		};
/* End PBXSourcesBuildPhase section */

/* Begin PBXVariantGroup section */
		CFB55F5F2040665200E3B092 /* Main.storyboard */ = {
			isa = PBXVariantGroup;
			children = (
				CFB55F602040665200E3B092 /* Base */,
			);
			name = Main.storyboard;
			sourceTree = "<group>";
		};
		CFB55F642040665200E3B092 /* LaunchScreen.storyboard */ = {
			isa = PBXVariantGroup;
			children = (
				CFB55F652040665200E3B092 /* Base */,
			);
			name = LaunchScreen.storyboard;
			sourceTree = "<group>";
		};
/* End PBXVariantGroup section */

/* Begin XCBuildConfiguration section */
		CFB55F682040665200E3B092 /* Debug */ = {
			isa = XCBuildConfiguration;
			buildSettings = {
				ALWAYS_SEARCH_USER_PATHS = NO;
				CLANG_ANALYZER_NONNULL = YES;
				CLANG_ANALYZER_NUMBER_OBJECT_CONVERSION = YES_AGGRESSIVE;
				CLANG_CXX_LANGUAGE_STANDARD = "gnu++14";
				CLANG_CXX_LIBRARY = "libc++";
				CLANG_ENABLE_MODULES = YES;
				CLANG_ENABLE_OBJC_ARC = YES;
				CLANG_WARN_BLOCK_CAPTURE_AUTORELEASING = YES;
				CLANG_WARN_BOOL_CONVERSION = YES;
				CLANG_WARN_COMMA = YES;
				CLANG_WARN_CONSTANT_CONVERSION = YES;
				CLANG_WARN_DEPRECATED_OBJC_IMPLEMENTATIONS = YES;
				CLANG_WARN_DIRECT_OBJC_ISA_USAGE = YES_ERROR;
				CLANG_WARN_DOCUMENTATION_COMMENTS = YES;
				CLANG_WARN_EMPTY_BODY = YES;
				CLANG_WARN_ENUM_CONVERSION = YES;
				CLANG_WARN_INFINITE_RECURSION = YES;
				CLANG_WARN_INT_CONVERSION = YES;
				CLANG_WARN_NON_LITERAL_NULL_CONVERSION = YES;
				CLANG_WARN_OBJC_IMPLICIT_RETAIN_SELF = YES;
				CLANG_WARN_OBJC_LITERAL_CONVERSION = YES;
				CLANG_WARN_OBJC_ROOT_CLASS = YES_ERROR;
				CLANG_WARN_RANGE_LOOP_ANALYSIS = YES;
				CLANG_WARN_STRICT_PROTOTYPES = YES;
				CLANG_WARN_SUSPICIOUS_MOVE = YES;
				CLANG_WARN_UNGUARDED_AVAILABILITY = YES_AGGRESSIVE;
				CLANG_WARN_UNREACHABLE_CODE = YES;
				CLANG_WARN__DUPLICATE_METHOD_MATCH = YES;
				CODE_SIGN_IDENTITY = "iPhone Developer";
				COPY_PHASE_STRIP = NO;
				DEBUG_INFORMATION_FORMAT = dwarf;
				ENABLE_STRICT_OBJC_MSGSEND = YES;
				ENABLE_TESTABILITY = YES;
				GCC_C_LANGUAGE_STANDARD = gnu11;
				GCC_DYNAMIC_NO_PIC = NO;
				GCC_NO_COMMON_BLOCKS = YES;
				GCC_OPTIMIZATION_LEVEL = 0;
				GCC_PREPROCESSOR_DEFINITIONS = (
					"DEBUG=1",
					"$(inherited)",
				);
				GCC_WARN_64_TO_32_BIT_CONVERSION = YES;
				GCC_WARN_ABOUT_RETURN_TYPE = YES_ERROR;
				GCC_WARN_UNDECLARED_SELECTOR = YES;
				GCC_WARN_UNINITIALIZED_AUTOS = YES_AGGRESSIVE;
				GCC_WARN_UNUSED_FUNCTION = YES;
				GCC_WARN_UNUSED_VARIABLE = YES;
				IPHONEOS_DEPLOYMENT_TARGET = 11.1;
				MTL_ENABLE_DEBUG_INFO = YES;
				ONLY_ACTIVE_ARCH = YES;
				SDKROOT = iphoneos;
				SWIFT_ACTIVE_COMPILATION_CONDITIONS = DEBUG;
				SWIFT_OPTIMIZATION_LEVEL = "-Onone";
			};
			name = Debug;
		};
		CFB55F692040665200E3B092 /* Release */ = {
			isa = XCBuildConfiguration;
			buildSettings = {
				ALWAYS_SEARCH_USER_PATHS = NO;
				CLANG_ANALYZER_NONNULL = YES;
				CLANG_ANALYZER_NUMBER_OBJECT_CONVERSION = YES_AGGRESSIVE;
				CLANG_CXX_LANGUAGE_STANDARD = "gnu++14";
				CLANG_CXX_LIBRARY = "libc++";
				CLANG_ENABLE_MODULES = YES;
				CLANG_ENABLE_OBJC_ARC = YES;
				CLANG_WARN_BLOCK_CAPTURE_AUTORELEASING = YES;
				CLANG_WARN_BOOL_CONVERSION = YES;
				CLANG_WARN_COMMA = YES;
				CLANG_WARN_CONSTANT_CONVERSION = YES;
				CLANG_WARN_DEPRECATED_OBJC_IMPLEMENTATIONS = YES;
				CLANG_WARN_DIRECT_OBJC_ISA_USAGE = YES_ERROR;
				CLANG_WARN_DOCUMENTATION_COMMENTS = YES;
				CLANG_WARN_EMPTY_BODY = YES;
				CLANG_WARN_ENUM_CONVERSION = YES;
				CLANG_WARN_INFINITE_RECURSION = YES;
				CLANG_WARN_INT_CONVERSION = YES;
				CLANG_WARN_NON_LITERAL_NULL_CONVERSION = YES;
				CLANG_WARN_OBJC_IMPLICIT_RETAIN_SELF = YES;
				CLANG_WARN_OBJC_LITERAL_CONVERSION = YES;
				CLANG_WARN_OBJC_ROOT_CLASS = YES_ERROR;
				CLANG_WARN_RANGE_LOOP_ANALYSIS = YES;
				CLANG_WARN_STRICT_PROTOTYPES = YES;
				CLANG_WARN_SUSPICIOUS_MOVE = YES;
				CLANG_WARN_UNGUARDED_AVAILABILITY = YES_AGGRESSIVE;
				CLANG_WARN_UNREACHABLE_CODE = YES;
				CLANG_WARN__DUPLICATE_METHOD_MATCH = YES;
				CODE_SIGN_IDENTITY = "iPhone Developer";
				COPY_PHASE_STRIP = NO;
				DEBUG_INFORMATION_FORMAT = "dwarf-with-dsym";
				ENABLE_NS_ASSERTIONS = NO;
				ENABLE_STRICT_OBJC_MSGSEND = YES;
				GCC_C_LANGUAGE_STANDARD = gnu11;
				GCC_NO_COMMON_BLOCKS = YES;
				GCC_WARN_64_TO_32_BIT_CONVERSION = YES;
				GCC_WARN_ABOUT_RETURN_TYPE = YES_ERROR;
				GCC_WARN_UNDECLARED_SELECTOR = YES;
				GCC_WARN_UNINITIALIZED_AUTOS = YES_AGGRESSIVE;
				GCC_WARN_UNUSED_FUNCTION = YES;
				GCC_WARN_UNUSED_VARIABLE = YES;
				IPHONEOS_DEPLOYMENT_TARGET = 11.1;
				MTL_ENABLE_DEBUG_INFO = NO;
				SDKROOT = iphoneos;
				SWIFT_OPTIMIZATION_LEVEL = "-Owholemodule";
				VALIDATE_PRODUCT = YES;
			};
			name = Release;
		};
		CFB55F6B2040665200E3B092 /* Debug */ = {
			isa = XCBuildConfiguration;
			baseConfigurationReference = 24542D3EF1DE68B81D3FB456 /* Pods-todoey.debug.xcconfig */;
			buildSettings = {
				ASSETCATALOG_COMPILER_APPICON_NAME = AppIcon;
				CODE_SIGN_IDENTITY = "iPhone Developer";
				CODE_SIGN_STYLE = Automatic;
				DEVELOPMENT_TEAM = B24EEZ8S3G;
				INFOPLIST_FILE = todoey/Info.plist;
				IPHONEOS_DEPLOYMENT_TARGET = 11.1;
				LD_RUNPATH_SEARCH_PATHS = "$(inherited) @executable_path/Frameworks";
				PRODUCT_BUNDLE_IDENTIFIER = NguyenDucTai.todoey;
				PRODUCT_NAME = "$(TARGET_NAME)";
				SWIFT_VERSION = 4.0;
				TARGETED_DEVICE_FAMILY = "1,2";
			};
			name = Debug;
		};
		CFB55F6C2040665200E3B092 /* Release */ = {
			isa = XCBuildConfiguration;
			baseConfigurationReference = 0E1B96022D106447AE65BEC1 /* Pods-todoey.release.xcconfig */;
			buildSettings = {
				ASSETCATALOG_COMPILER_APPICON_NAME = AppIcon;
				CODE_SIGN_IDENTITY = "iPhone Developer";
				CODE_SIGN_STYLE = Automatic;
				DEVELOPMENT_TEAM = B24EEZ8S3G;
				INFOPLIST_FILE = todoey/Info.plist;
				IPHONEOS_DEPLOYMENT_TARGET = 11.1;
				LD_RUNPATH_SEARCH_PATHS = "$(inherited) @executable_path/Frameworks";
				PRODUCT_BUNDLE_IDENTIFIER = NguyenDucTai.todoey;
				PRODUCT_NAME = "$(TARGET_NAME)";
				SWIFT_VERSION = 4.0;
				TARGETED_DEVICE_FAMILY = "1,2";
			};
			name = Release;
		};
/* End XCBuildConfiguration section */

/* Begin XCConfigurationList section */
		CFB55F532040665200E3B092 /* Build configuration list for PBXProject "todoey" */ = {
			isa = XCConfigurationList;
			buildConfigurations = (
				CFB55F682040665200E3B092 /* Debug */,
				CFB55F692040665200E3B092 /* Release */,
			);
			defaultConfigurationIsVisible = 0;
			defaultConfigurationName = Release;
		};
		CFB55F6A2040665200E3B092 /* Build configuration list for PBXNativeTarget "todoey" */ = {
			isa = XCConfigurationList;
			buildConfigurations = (
				CFB55F6B2040665200E3B092 /* Debug */,
				CFB55F6C2040665200E3B092 /* Release */,
			);
			defaultConfigurationIsVisible = 0;
			defaultConfigurationName = Release;
		};
/* End XCConfigurationList section */
	};
	rootObject = CFB55F502040665200E3B092 /* Project object */;
}
